<?xml version="1.0" encoding="utf-8"?>
<Project ToolsVersion="4.0" xmlns="http://schemas.microsoft.com/developer/msbuild/2003">
  <ItemGroup>
    <Filter Include="소스 파일">
      <UniqueIdentifier>{4FC737F1-C7A5-4376-A066-2A32D752A2FF}</UniqueIdentifier>
      <Extensions>cpp;c;cc;cxx;c++;cppm;ixx;def;odl;idl;hpj;bat;asm;asmx</Extensions>
    </Filter>
    <Filter Include="소스 파일\Core">
      <UniqueIdentifier>{693864d5-907b-41b9-a448-9df148a222dd}</UniqueIdentifier>
    </Filter>
    <Filter Include="소스 파일\Core\Built-in">
      <UniqueIdentifier>{aa167d75-4998-45e9-97e0-7ff53737f399}</UniqueIdentifier>
    </Filter>
    <Filter Include="소스 파일\Core\Built-in\Systems">
      <UniqueIdentifier>{367b93ff-cbe6-40d1-b45b-1deb08181a18}</UniqueIdentifier>
    </Filter>
    <Filter Include="소스 파일\Core\Built-in\Components">
      <UniqueIdentifier>{8945e21b-291b-4546-9e95-af6be06b98e5}</UniqueIdentifier>
    </Filter>
    <Filter Include="소스 파일\Core\etc">
      <UniqueIdentifier>{f026f526-e415-4f38-b88b-48a4ae8e0029}</UniqueIdentifier>
    </Filter>
    <Filter Include="소스 파일\Core\Base">
      <UniqueIdentifier>{6f8012df-6d19-4271-a034-1642a8810e17}</UniqueIdentifier>
    </Filter>
    <Filter Include="소스 파일\Core\Base\PhysX">
      <UniqueIdentifier>{6b16db86-aab5-405f-99c2-5cdd802428d8}</UniqueIdentifier>
    </Filter>
  </ItemGroup>
  <ItemGroup>
    <ClInclude Include="MainProcess.h">
      <Filter>소스 파일</Filter>
    </ClInclude>
    <ClInclude Include="CoreSystems.h">
      <Filter>소스 파일\Core\Built-in\Systems</Filter>
    </ClInclude>
    <ClInclude Include="CoreComponents.h">
      <Filter>소스 파일\Core\Built-in\Components</Filter>
    </ClInclude>
    <ClInclude Include="SystemTraits.h">
      <Filter>소스 파일\Core\Built-in\Systems</Filter>
    </ClInclude>
    <ClInclude Include="SystemTemplates.h">
      <Filter>소스 파일\Core\Built-in\Systems</Filter>
    </ClInclude>
    <ClInclude Include="CoreComponentInlines.h">
      <Filter>소스 파일\Core\Built-in\Components</Filter>
    </ClInclude>
    <ClInclude Include="Utils.h">
      <Filter>소스 파일\Core\Built-in</Filter>
    </ClInclude>
    <ClInclude Include="pch.h">
      <Filter>소스 파일\Core\etc</Filter>
    </ClInclude>
    <ClInclude Include="Entity.h">
      <Filter>소스 파일\Core\Base</Filter>
    </ClInclude>
    <ClInclude Include="Scene.h">
      <Filter>소스 파일\Core\Base</Filter>
    </ClInclude>
    <ClInclude Include="CoreSystemEvents.h">
      <Filter>소스 파일\Core\Built-in\Systems</Filter>
    </ClInclude>
    <ClInclude Include="PhysicsScene.h">
      <Filter>소스 파일\Core\Base\PhysX</Filter>
    </ClInclude>
    <ClInclude Include="CollisionCallback.h">
      <Filter>소스 파일\Core\Base\PhysX</Filter>
    </ClInclude>
    <ClInclude Include="MetaCtxs.h">
      <Filter>소스 파일\Core\Built-in</Filter>
    </ClInclude>
    <ClInclude Include="SystemInterface.h">
      <Filter>소스 파일\Core\Built-in\Systems</Filter>
    </ClInclude>
    <ClInclude Include="CoreTagsAndLayers.h">
      <Filter>소스 파일\Core\Built-in\Components</Filter>
    </ClInclude>
    <ClInclude Include="CorePhysicsComponents.h">
      <Filter>소스 파일\Core\Built-in\Components</Filter>
    </ClInclude>
    <ClInclude Include="ComponentTemplates.h">
      <Filter>소스 파일\Core\Built-in\Components</Filter>
    </ClInclude>
  </ItemGroup>
  <ItemGroup>
    <ClCompile Include="MainProcess.cpp">
      <Filter>소스 파일</Filter>
    </ClCompile>
    <ClCompile Include="CoreSystems.cpp">
      <Filter>소스 파일\Core\Built-in\Systems</Filter>
    </ClCompile>
    <ClCompile Include="pch.cpp">
      <Filter>소스 파일\Core\etc</Filter>
    </ClCompile>
    <ClCompile Include="Entity.cpp">
      <Filter>소스 파일\Core\Base</Filter>
    </ClCompile>
    <ClCompile Include="Scene.cpp">
      <Filter>소스 파일\Core\Base</Filter>
    </ClCompile>
    <ClCompile Include="EntryPoint.cpp" />
    <ClCompile Include="PhysicsScene.cpp">
      <Filter>소스 파일\Core\Base\PhysX</Filter>
    </ClCompile>
    <ClCompile Include="CollisionCallback.cpp">
      <Filter>소스 파일\Core\Base\PhysX</Filter>
    </ClCompile>
  </ItemGroup>
</Project>